lockfileVersion: '6.0'

dependencies:
  '@parcel/plugin':
    specifier: 2.9.3
    version: 2.9.3(@parcel/core@2.9.3)
  debug:
    specifier: ^4.3.4
    version: 4.3.4
  svgo:
    specifier: ^3.0.2
    version: 3.0.2

devDependencies:
  '@types/debug':
    specifier: ^4.1.9
    version: 4.1.9
  typescript:
    specifier: ^5.2.2
    version: 5.2.2

packages:

  /@lezer/common@1.1.0:
    resolution: {integrity: sha512-XPIN3cYDXsoJI/oDWoR2tD++juVrhgIago9xyKhZ7IhGlzdDM9QgC8D8saKNCz5pindGcznFr2HBSsEQSWnSjw==}
    dev: false

  /@lezer/lr@1.3.12:
    resolution: {integrity: sha512-5nwY1JzCueUdRtlMBnlf1SUi69iGCq2ABq7WQFQMkn/kxPvoACAEnTp4P17CtXxYr7WCwtYPLL2AEvxKPuF1OQ==}
    dependencies:
      '@lezer/common': 1.1.0
    dev: false

  /@lmdb/lmdb-darwin-arm64@2.7.11:
    resolution: {integrity: sha512-r6+vYq2vKzE+vgj/rNVRMwAevq0+ZR9IeMFIqcSga+wMtMdXQ27KqQ7uS99/yXASg29bos7yHP3yk4x6Iio0lw==}
    cpu: [arm64]
    os: [darwin]
    requiresBuild: true
    dev: false
    optional: true

  /@lmdb/lmdb-darwin-x64@2.7.11:
    resolution: {integrity: sha512-jhj1aB4K8ycRL1HOQT5OtzlqOq70jxUQEWRN9Gqh3TIDN30dxXtiHi6EWF516tzw6v2+3QqhDMJh8O6DtTGG8Q==}
    cpu: [x64]
    os: [darwin]
    requiresBuild: true
    dev: false
    optional: true

  /@lmdb/lmdb-linux-arm64@2.7.11:
    resolution: {integrity: sha512-7xGEfPPbmVJWcY2Nzqo11B9Nfxs+BAsiiaY/OcT4aaTDdykKeCjvKMQJA3KXCtZ1AtiC9ljyGLi+BfUwdulY5A==}
    cpu: [arm64]
    os: [linux]
    requiresBuild: true
    dev: false
    optional: true

  /@lmdb/lmdb-linux-arm@2.7.11:
    resolution: {integrity: sha512-dHfLFVSrw/v5X5lkwp0Vl7+NFpEeEYKfMG2DpdFJnnG1RgHQZngZxCaBagFoaJGykRpd2DYF1AeuXBFrAUAXfw==}
    cpu: [arm]
    os: [linux]
    requiresBuild: true
    dev: false
    optional: true

  /@lmdb/lmdb-linux-x64@2.7.11:
    resolution: {integrity: sha512-vUKI3JrREMQsXX8q0Eq5zX2FlYCKWMmLiCyyJNfZK0Uyf14RBg9VtB3ObQ41b4swYh2EWaltasWVe93Y8+KDng==}
    cpu: [x64]
    os: [linux]
    requiresBuild: true
    dev: false
    optional: true

  /@lmdb/lmdb-win32-x64@2.7.11:
    resolution: {integrity: sha512-BJwkHlSUgtB+Ei52Ai32M1AOMerSlzyIGA/KC4dAGL+GGwVMdwG8HGCOA2TxP3KjhbgDPMYkv7bt/NmOmRIFng==}
    cpu: [x64]
    os: [win32]
    requiresBuild: true
    dev: false
    optional: true

  /@mischnic/json-sourcemap@0.1.1:
    resolution: {integrity: sha512-iA7+tyVqfrATAIsIRWQG+a7ZLLD0VaOCKV2Wd/v4mqIU3J9c4jx9p7S0nw1XH3gJCKNBOOwACOPYYSUu9pgT+w==}
    engines: {node: '>=12.0.0'}
    dependencies:
      '@lezer/common': 1.1.0
      '@lezer/lr': 1.3.12
      json5: 2.2.3
    dev: false

  /@msgpackr-extract/msgpackr-extract-darwin-arm64@3.0.2:
    resolution: {integrity: sha512-9bfjwDxIDWmmOKusUcqdS4Rw+SETlp9Dy39Xui9BEGEk19dDwH0jhipwFzEff/pFg95NKymc6TOTbRKcWeRqyQ==}
    cpu: [arm64]
    os: [darwin]
    requiresBuild: true
    dev: false
    optional: true

  /@msgpackr-extract/msgpackr-extract-darwin-x64@3.0.2:
    resolution: {integrity: sha512-lwriRAHm1Yg4iDf23Oxm9n/t5Zpw1lVnxYU3HnJPTi2lJRkKTrps1KVgvL6m7WvmhYVt/FIsssWay+k45QHeuw==}
    cpu: [x64]
    os: [darwin]
    requiresBuild: true
    dev: false
    optional: true

  /@msgpackr-extract/msgpackr-extract-linux-arm64@3.0.2:
    resolution: {integrity: sha512-FU20Bo66/f7He9Fp9sP2zaJ1Q8L9uLPZQDub/WlUip78JlPeMbVL8546HbZfcW9LNciEXc8d+tThSJjSC+tmsg==}
    cpu: [arm64]
    os: [linux]
    requiresBuild: true
    dev: false
    optional: true

  /@msgpackr-extract/msgpackr-extract-linux-arm@3.0.2:
    resolution: {integrity: sha512-MOI9Dlfrpi2Cuc7i5dXdxPbFIgbDBGgKR5F2yWEa6FVEtSWncfVNKW5AKjImAQ6CZlBK9tympdsZJ2xThBiWWA==}
    cpu: [arm]
    os: [linux]
    requiresBuild: true
    dev: false
    optional: true

  /@msgpackr-extract/msgpackr-extract-linux-x64@3.0.2:
    resolution: {integrity: sha512-gsWNDCklNy7Ajk0vBBf9jEx04RUxuDQfBse918Ww+Qb9HCPoGzS+XJTLe96iN3BVK7grnLiYghP/M4L8VsaHeA==}
    cpu: [x64]
    os: [linux]
    requiresBuild: true
    dev: false
    optional: true

  /@msgpackr-extract/msgpackr-extract-win32-x64@3.0.2:
    resolution: {integrity: sha512-O+6Gs8UeDbyFpbSh2CPEz/UOrrdWPTBYNblZK5CxxLisYt4kGX3Sc+czffFonyjiGSq3jWLwJS/CCJc7tBr4sQ==}
    cpu: [x64]
    os: [win32]
    requiresBuild: true
    dev: false
    optional: true

  /@parcel/cache@2.9.3(@parcel/core@2.9.3):
    resolution: {integrity: sha512-Bj/H2uAJJSXtysG7E/x4EgTrE2hXmm7td/bc97K8M9N7+vQjxf7xb0ebgqe84ePVMkj4MVQSMEJkEucXVx4b0Q==}
    engines: {node: '>= 12.0.0'}
    peerDependencies:
      '@parcel/core': ^2.9.3
    dependencies:
      '@parcel/core': 2.9.3
      '@parcel/fs': 2.9.3(@parcel/core@2.9.3)
      '@parcel/logger': 2.9.3
      '@parcel/utils': 2.9.3
      lmdb: 2.7.11
    dev: false

  /@parcel/codeframe@2.9.3:
    resolution: {integrity: sha512-z7yTyD6h3dvduaFoHpNqur74/2yDWL++33rjQjIjCaXREBN6dKHoMGMizzo/i4vbiI1p9dDox2FIDEHCMQxqdA==}
    engines: {node: '>= 12.0.0'}
    dependencies:
      chalk: 4.1.2
    dev: false

  /@parcel/core@2.9.3:
    resolution: {integrity: sha512-4KlM1Zr/jpsqWuMXr2zmGsaOUs1zMMFh9vfCNKRZkptf+uk8I3sugHbNdo+F5B+4e2yMuOEb1zgAmvJLeuH6ww==}
    engines: {node: '>= 12.0.0'}
    dependencies:
      '@mischnic/json-sourcemap': 0.1.1
      '@parcel/cache': 2.9.3(@parcel/core@2.9.3)
      '@parcel/diagnostic': 2.9.3
      '@parcel/events': 2.9.3
      '@parcel/fs': 2.9.3(@parcel/core@2.9.3)
      '@parcel/graph': 2.9.3
      '@parcel/hash': 2.9.3
      '@parcel/logger': 2.9.3
      '@parcel/package-manager': 2.9.3(@parcel/core@2.9.3)
      '@parcel/plugin': 2.9.3(@parcel/core@2.9.3)
      '@parcel/profiler': 2.9.3
      '@parcel/source-map': 2.1.1
      '@parcel/types': 2.9.3(@parcel/core@2.9.3)
      '@parcel/utils': 2.9.3
      '@parcel/workers': 2.9.3(@parcel/core@2.9.3)
      abortcontroller-polyfill: 1.7.5
      base-x: 3.0.9
      browserslist: 4.22.1
      clone: 2.1.2
      dotenv: 7.0.0
      dotenv-expand: 5.1.0
      json5: 2.2.3
      msgpackr: 1.9.9
      nullthrows: 1.1.1
      semver: 7.5.4
    dev: false

  /@parcel/diagnostic@2.9.3:
    resolution: {integrity: sha512-6jxBdyB3D7gP4iE66ghUGntWt2v64E6EbD4AetZk+hNJpgudOOPsKTovcMi/i7I4V0qD7WXSF4tvkZUoac0jwA==}
    engines: {node: '>= 12.0.0'}
    dependencies:
      '@mischnic/json-sourcemap': 0.1.1
      nullthrows: 1.1.1
    dev: false

  /@parcel/events@2.9.3:
    resolution: {integrity: sha512-K0Scx+Bx9f9p1vuShMzNwIgiaZUkxEnexaKYHYemJrM7pMAqxIuIqhnvwurRCsZOVLUJPDDNJ626cWTc5vIq+A==}
    engines: {node: '>= 12.0.0'}
    dev: false

  /@parcel/fs-search@2.9.3:
    resolution: {integrity: sha512-nsNz3bsOpwS+jphcd+XjZL3F3PDq9lik0O8HPm5f6LYkqKWT+u/kgQzA8OkAHCR3q96LGiHxUywHPEBc27vI4Q==}
    engines: {node: '>= 12.0.0'}
    dev: false

  /@parcel/fs@2.9.3(@parcel/core@2.9.3):
    resolution: {integrity: sha512-/PrRKgCRw22G7rNPSpgN3Q+i2nIkZWuvIOAdMG4KWXC4XLp8C9jarNaWd5QEQ75amjhQSl3oUzABzkdCtkKrgg==}
    engines: {node: '>= 12.0.0'}
    peerDependencies:
      '@parcel/core': ^2.9.3
    dependencies:
      '@parcel/core': 2.9.3
      '@parcel/fs-search': 2.9.3
      '@parcel/types': 2.9.3(@parcel/core@2.9.3)
      '@parcel/utils': 2.9.3
      '@parcel/watcher': 2.3.0
      '@parcel/workers': 2.9.3(@parcel/core@2.9.3)
    dev: false

  /@parcel/graph@2.9.3:
    resolution: {integrity: sha512-3LmRJmF8+OprAr6zJT3X2s8WAhLKkrhi6RsFlMWHifGU5ED1PFcJWFbOwJvSjcAhMQJP0fErcFIK1Ludv3Vm3g==}
    engines: {node: '>= 12.0.0'}
    dependencies:
      nullthrows: 1.1.1
    dev: false

  /@parcel/hash@2.9.3:
    resolution: {integrity: sha512-qlH5B85XLzVAeijgKPjm1gQu35LoRYX/8igsjnN8vOlbc3O8BYAUIutU58fbHbtE8MJPbxQQUw7tkTjeoujcQQ==}
    engines: {node: '>= 12.0.0'}
    dependencies:
      xxhash-wasm: 0.4.2
    dev: false

  /@parcel/logger@2.9.3:
    resolution: {integrity: sha512-5FNBszcV6ilGFcijEOvoNVG6IUJGsnMiaEnGQs7Fvc1dktTjEddnoQbIYhcSZL63wEmzBZOgkT5yDMajJ/41jw==}
    engines: {node: '>= 12.0.0'}
    dependencies:
      '@parcel/diagnostic': 2.9.3
      '@parcel/events': 2.9.3
    dev: false

  /@parcel/markdown-ansi@2.9.3:
    resolution: {integrity: sha512-/Q4X8F2aN8UNjAJrQ5NfK2OmZf6shry9DqetUSEndQ0fHonk78WKt6LT0zSKEBEW/bB/bXk6mNMsCup6L8ibjQ==}
    engines: {node: '>= 12.0.0'}
    dependencies:
      chalk: 4.1.2
    dev: false

  /@parcel/node-resolver-core@3.0.3(@parcel/core@2.9.3):
    resolution: {integrity: sha512-AjxNcZVHHJoNT/A99PKIdFtwvoze8PAiC3yz8E/dRggrDIOboUEodeQYV5Aq++aK76uz/iOP0tST2T8A5rhb1A==}
    engines: {node: '>= 12.0.0'}
    dependencies:
      '@mischnic/json-sourcemap': 0.1.1
      '@parcel/diagnostic': 2.9.3
      '@parcel/fs': 2.9.3(@parcel/core@2.9.3)
      '@parcel/utils': 2.9.3
      nullthrows: 1.1.1
      semver: 7.5.4
    transitivePeerDependencies:
      - '@parcel/core'
    dev: false

  /@parcel/package-manager@2.9.3(@parcel/core@2.9.3):
    resolution: {integrity: sha512-NH6omcNTEupDmW4Lm1e4NUYBjdqkURxgZ4CNESESInHJe6tblVhNB8Rpr1ar7zDar7cly9ILr8P6N3Ei7bTEjg==}
    engines: {node: '>= 12.0.0'}
    peerDependencies:
      '@parcel/core': ^2.9.3
    dependencies:
      '@parcel/core': 2.9.3
      '@parcel/diagnostic': 2.9.3
      '@parcel/fs': 2.9.3(@parcel/core@2.9.3)
      '@parcel/logger': 2.9.3
      '@parcel/node-resolver-core': 3.0.3(@parcel/core@2.9.3)
      '@parcel/types': 2.9.3(@parcel/core@2.9.3)
      '@parcel/utils': 2.9.3
      '@parcel/workers': 2.9.3(@parcel/core@2.9.3)
      semver: 7.5.4
    dev: false

  /@parcel/plugin@2.9.3(@parcel/core@2.9.3):
    resolution: {integrity: sha512-qN85Gqr2GMuxX1dT1mnuO9hOcvlEv1lrYrCxn7CJN2nUhbwcfG+LEvcrCzCOJ6XtIHm+ZBV9h9p7FfoPLvpw+g==}
    engines: {node: '>= 12.0.0'}
    dependencies:
      '@parcel/types': 2.9.3(@parcel/core@2.9.3)
    transitivePeerDependencies:
      - '@parcel/core'
    dev: false

  /@parcel/profiler@2.9.3:
    resolution: {integrity: sha512-pyHc9lw8VZDfgZoeZWZU9J0CVEv1Zw9O5+e0DJPDPHuXJYr72ZAOhbljtU3owWKAeW+++Q2AZWkbUGEOjI/e6g==}
    engines: {node: '>= 12.0.0'}
    dependencies:
      '@parcel/diagnostic': 2.9.3
      '@parcel/events': 2.9.3
      chrome-trace-event: 1.0.3
    dev: false

  /@parcel/source-map@2.1.1:
    resolution: {integrity: sha512-Ejx1P/mj+kMjQb8/y5XxDUn4reGdr+WyKYloBljpppUy8gs42T+BNoEOuRYqDVdgPc6NxduzIDoJS9pOFfV5Ew==}
    engines: {node: ^12.18.3 || >=14}
    dependencies:
      detect-libc: 1.0.3
    dev: false

  /@parcel/types@2.9.3(@parcel/core@2.9.3):
    resolution: {integrity: sha512-NSNY8sYtRhvF1SqhnIGgGvJocyWt1K8Tnw5cVepm0g38ywtX6mwkBvMkmeehXkII4mSUn+frD9wGsydTunezvA==}
    dependencies:
      '@parcel/cache': 2.9.3(@parcel/core@2.9.3)
      '@parcel/diagnostic': 2.9.3
      '@parcel/fs': 2.9.3(@parcel/core@2.9.3)
      '@parcel/package-manager': 2.9.3(@parcel/core@2.9.3)
      '@parcel/source-map': 2.1.1
      '@parcel/workers': 2.9.3(@parcel/core@2.9.3)
      utility-types: 3.10.0
    transitivePeerDependencies:
      - '@parcel/core'
    dev: false

  /@parcel/utils@2.9.3:
    resolution: {integrity: sha512-cesanjtj/oLehW8Waq9JFPmAImhoiHX03ihc3JTWkrvJYSbD7wYKCDgPAM3JiRAqvh1LZ6P699uITrYWNoRLUg==}
    engines: {node: '>= 12.0.0'}
    dependencies:
      '@parcel/codeframe': 2.9.3
      '@parcel/diagnostic': 2.9.3
      '@parcel/hash': 2.9.3
      '@parcel/logger': 2.9.3
      '@parcel/markdown-ansi': 2.9.3
      '@parcel/source-map': 2.1.1
      chalk: 4.1.2
      nullthrows: 1.1.1
    dev: false

  /@parcel/watcher-android-arm64@2.3.0:
    resolution: {integrity: sha512-f4o9eA3dgk0XRT3XhB0UWpWpLnKgrh1IwNJKJ7UJek7eTYccQ8LR7XUWFKqw6aEq5KUNlCcGvSzKqSX/vtWVVA==}
    engines: {node: '>= 10.0.0'}
    cpu: [arm64]
    os: [android]
    requiresBuild: true
    dev: false
    optional: true

  /@parcel/watcher-darwin-arm64@2.3.0:
    resolution: {integrity: sha512-mKY+oijI4ahBMc/GygVGvEdOq0L4DxhYgwQqYAz/7yPzuGi79oXrZG52WdpGA1wLBPrYb0T8uBaGFo7I6rvSKw==}
    engines: {node: '>= 10.0.0'}
    cpu: [arm64]
    os: [darwin]
    requiresBuild: true
    dev: false
    optional: true

  /@parcel/watcher-darwin-x64@2.3.0:
    resolution: {integrity: sha512-20oBj8LcEOnLE3mgpy6zuOq8AplPu9NcSSSfyVKgfOhNAc4eF4ob3ldj0xWjGGbOF7Dcy1Tvm6ytvgdjlfUeow==}
    engines: {node: '>= 10.0.0'}
    cpu: [x64]
    os: [darwin]
    requiresBuild: true
    dev: false
    optional: true

  /@parcel/watcher-freebsd-x64@2.3.0:
    resolution: {integrity: sha512-7LftKlaHunueAEiojhCn+Ef2CTXWsLgTl4hq0pkhkTBFI3ssj2bJXmH2L67mKpiAD5dz66JYk4zS66qzdnIOgw==}
    engines: {node: '>= 10.0.0'}
    cpu: [x64]
    os: [freebsd]
    requiresBuild: true
    dev: false
    optional: true

  /@parcel/watcher-linux-arm-glibc@2.3.0:
    resolution: {integrity: sha512-1apPw5cD2xBv1XIHPUlq0cO6iAaEUQ3BcY0ysSyD9Kuyw4MoWm1DV+W9mneWI+1g6OeP6dhikiFE6BlU+AToTQ==}
    engines: {node: '>= 10.0.0'}
    cpu: [arm]
    os: [linux]
    requiresBuild: true
    dev: false
    optional: true

  /@parcel/watcher-linux-arm64-glibc@2.3.0:
    resolution: {integrity: sha512-mQ0gBSQEiq1k/MMkgcSB0Ic47UORZBmWoAWlMrTW6nbAGoLZP+h7AtUM7H3oDu34TBFFvjy4JCGP43JlylkTQA==}
    engines: {node: '>= 10.0.0'}
    cpu: [arm64]
    os: [linux]
    requiresBuild: true
    dev: false
    optional: true

  /@parcel/watcher-linux-arm64-musl@2.3.0:
    resolution: {integrity: sha512-LXZAExpepJew0Gp8ZkJ+xDZaTQjLHv48h0p0Vw2VMFQ8A+RKrAvpFuPVCVwKJCr5SE+zvaG+Etg56qXvTDIedw==}
    engines: {node: '>= 10.0.0'}
    cpu: [arm64]
    os: [linux]
    requiresBuild: true
    dev: false
    optional: true

  /@parcel/watcher-linux-x64-glibc@2.3.0:
    resolution: {integrity: sha512-P7Wo91lKSeSgMTtG7CnBS6WrA5otr1K7shhSjKHNePVmfBHDoAOHYRXgUmhiNfbcGk0uMCHVcdbfxtuiZCHVow==}
    engines: {node: '>= 10.0.0'}
    cpu: [x64]
    os: [linux]
    requiresBuild: true
    dev: false
    optional: true

  /@parcel/watcher-linux-x64-musl@2.3.0:
    resolution: {integrity: sha512-+kiRE1JIq8QdxzwoYY+wzBs9YbJ34guBweTK8nlzLKimn5EQ2b2FSC+tAOpq302BuIMjyuUGvBiUhEcLIGMQ5g==}
    engines: {node: '>= 10.0.0'}
    cpu: [x64]
    os: [linux]
    requiresBuild: true
    dev: false
    optional: true

  /@parcel/watcher-win32-arm64@2.3.0:
    resolution: {integrity: sha512-35gXCnaz1AqIXpG42evcoP2+sNL62gZTMZne3IackM+6QlfMcJLy3DrjuL6Iks7Czpd3j4xRBzez3ADCj1l7Aw==}
    engines: {node: '>= 10.0.0'}
    cpu: [arm64]
    os: [win32]
    requiresBuild: true
    dev: false
    optional: true

  /@parcel/watcher-win32-ia32@2.3.0:
    resolution: {integrity: sha512-FJS/IBQHhRpZ6PiCjFt1UAcPr0YmCLHRbTc00IBTrelEjlmmgIVLeOx4MSXzx2HFEy5Jo5YdhGpxCuqCyDJ5ow==}
    engines: {node: '>= 10.0.0'}
    cpu: [ia32]
    os: [win32]
    requiresBuild: true
    dev: false
    optional: true

  /@parcel/watcher-win32-x64@2.3.0:
    resolution: {integrity: sha512-dLx+0XRdMnVI62kU3wbXvbIRhLck4aE28bIGKbRGS7BJNt54IIj9+c/Dkqb+7DJEbHUZAX1bwaoM8PqVlHJmCA==}
    engines: {node: '>= 10.0.0'}
    cpu: [x64]
    os: [win32]
    requiresBuild: true
    dev: false
    optional: true

  /@parcel/watcher@2.3.0:
    resolution: {integrity: sha512-pW7QaFiL11O0BphO+bq3MgqeX/INAk9jgBldVDYjlQPO4VddoZnF22TcF9onMhnLVHuNqBJeRf+Fj7eezi/+rQ==}
    engines: {node: '>= 10.0.0'}
    dependencies:
      detect-libc: 1.0.3
      is-glob: 4.0.3
      micromatch: 4.0.5
      node-addon-api: 7.0.0
    optionalDependencies:
      '@parcel/watcher-android-arm64': 2.3.0
      '@parcel/watcher-darwin-arm64': 2.3.0
      '@parcel/watcher-darwin-x64': 2.3.0
      '@parcel/watcher-freebsd-x64': 2.3.0
      '@parcel/watcher-linux-arm-glibc': 2.3.0
      '@parcel/watcher-linux-arm64-glibc': 2.3.0
      '@parcel/watcher-linux-arm64-musl': 2.3.0
      '@parcel/watcher-linux-x64-glibc': 2.3.0
      '@parcel/watcher-linux-x64-musl': 2.3.0
      '@parcel/watcher-win32-arm64': 2.3.0
      '@parcel/watcher-win32-ia32': 2.3.0
      '@parcel/watcher-win32-x64': 2.3.0
    dev: false

  /@parcel/workers@2.9.3(@parcel/core@2.9.3):
    resolution: {integrity: sha512-zRrDuZJzTevrrwElYosFztgldhqW6G9q5zOeQXfVQFkkEJCNfg36ixeiofKRU8uu2x+j+T6216mhMNB6HiuY+w==}
    engines: {node: '>= 12.0.0'}
    peerDependencies:
      '@parcel/core': ^2.9.3
    dependencies:
      '@parcel/core': 2.9.3
      '@parcel/diagnostic': 2.9.3
      '@parcel/logger': 2.9.3
      '@parcel/profiler': 2.9.3
      '@parcel/types': 2.9.3(@parcel/core@2.9.3)
      '@parcel/utils': 2.9.3
      nullthrows: 1.1.1
    dev: false

  /@trysound/sax@0.2.0:
    resolution: {integrity: sha512-L7z9BgrNEcYyUYtF+HaEfiS5ebkh9jXqbszz7pC0hRBPaatV0XjSD3+eHrpqFemQfgwiFF0QPIarnIihIDn7OA==}
    engines: {node: '>=10.13.0'}
    dev: false

  /@types/debug@4.1.9:
    resolution: {integrity: sha512-8Hz50m2eoS56ldRlepxSBa6PWEVCtzUo/92HgLc2qTMnotJNIm7xP+UZhyWoYsyOdd5dxZ+NZLb24rsKyFs2ow==}
    dependencies:
      '@types/ms': 0.7.32
    dev: true

  /@types/ms@0.7.32:
    resolution: {integrity: sha512-xPSg0jm4mqgEkNhowKgZFBNtwoEwF6gJ4Dhww+GFpm3IgtNseHQZ5IqdNwnquZEoANxyDAKDRAdVo4Z72VvD/g==}
    dev: true

  /abortcontroller-polyfill@1.7.5:
    resolution: {integrity: sha512-JMJ5soJWP18htbbxJjG7bG6yuI6pRhgJ0scHHTfkUjf6wjP912xZWvM+A4sJK3gqd9E8fcPbDnOefbA9Th/FIQ==}
    dev: false

  /ansi-styles@4.3.0:
    resolution: {integrity: sha512-zbB9rCJAT1rbjiVDb2hqKFHNYLxgtk8NURxZ3IZwD3F6NtxbXZQCnnSi1Lkx+IDohdPlFp222wVALIheZJQSEg==}
    engines: {node: '>=8'}
    dependencies:
      color-convert: 2.0.1
    dev: false

  /base-x@3.0.9:
    resolution: {integrity: sha512-H7JU6iBHTal1gp56aKoaa//YUxEaAOUiydvrV/pILqIHXTtqxSkATOnDA2u+jZ/61sD+L/412+7kzXRtWukhpQ==}
    dependencies:
      safe-buffer: 5.2.1
    dev: false

  /boolbase@1.0.0:
    resolution: {integrity: sha512-JZOSA7Mo9sNGB8+UjSgzdLtokWAky1zbztM3WRLCbZ70/3cTANmQmOdR7y2g+J0e2WXywy1yS468tY+IruqEww==}
    dev: false

  /braces@3.0.2:
    resolution: {integrity: sha512-b8um+L1RzM3WDSzvhm6gIz1yfTbBt6YTlcEKAvsmqCZZFw46z626lVj9j1yEPW33H5H+lBQpZMP1k8l+78Ha0A==}
    engines: {node: '>=8'}
    dependencies:
      fill-range: 7.0.1
    dev: false

  /browserslist@4.22.1:
    resolution: {integrity: sha512-FEVc202+2iuClEhZhrWy6ZiAcRLvNMyYcxZ8raemul1DYVOVdFsbqckWLdsixQZCpJlwe77Z3UTalE7jsjnKfQ==}
    engines: {node: ^6 || ^7 || ^8 || ^9 || ^10 || ^11 || ^12 || >=13.7}
    hasBin: true
    dependencies:
      caniuse-lite: 1.0.30001541
      electron-to-chromium: 1.4.537
      node-releases: 2.0.13
      update-browserslist-db: 1.0.13(browserslist@4.22.1)
    dev: false

  /caniuse-lite@1.0.30001541:
    resolution: {integrity: sha512-bLOsqxDgTqUBkzxbNlSBt8annkDpQB9NdzdTbO2ooJ+eC/IQcvDspDc058g84ejCelF7vHUx57KIOjEecOHXaw==}
    dev: false

  /chalk@4.1.2:
    resolution: {integrity: sha512-oKnbhFyRIXpUuez8iBMmyEa4nbj4IOQyuhc/wy9kY7/WVPcwIO9VA668Pu8RkO7+0G76SLROeyw9CpQ061i4mA==}
    engines: {node: '>=10'}
    dependencies:
      ansi-styles: 4.3.0
      supports-color: 7.2.0
    dev: false

  /chrome-trace-event@1.0.3:
    resolution: {integrity: sha512-p3KULyQg4S7NIHixdwbGX+nFHkoBiA4YQmyWtjb8XngSKV124nJmRysgAeujbUVb15vh+RvFUfCPqU7rXk+hZg==}
    engines: {node: '>=6.0'}
    dev: false

  /clone@2.1.2:
    resolution: {integrity: sha512-3Pe/CF1Nn94hyhIYpjtiLhdCoEoz0DqQ+988E9gmeEdQZlojxnOb74wctFyuwWQHzqyf9X7C7MG8juUpqBJT8w==}
    engines: {node: '>=0.8'}
    dev: false

  /color-convert@2.0.1:
    resolution: {integrity: sha512-RRECPsj7iu/xb5oKYcsFHSppFNnsj/52OVTRKb4zP5onXwVF3zVmmToNcOfGC+CRDpfK/U584fMg38ZHCaElKQ==}
    engines: {node: '>=7.0.0'}
    dependencies:
      color-name: 1.1.4
    dev: false

  /color-name@1.1.4:
    resolution: {integrity: sha512-dOy+3AuW3a2wNbZHIuMZpTcgjGuLU/uBL/ubcZF9OXbDo8ff4O8yVp5Bf0efS8uEoYo5q4Fx7dY9OgQGXgAsQA==}
    dev: false

  /commander@7.2.0:
    resolution: {integrity: sha512-QrWXB+ZQSVPmIWIhtEO9H+gwHaMGYiF5ChvoJ+K9ZGHG/sVsa6yiesAD1GC/x46sET00Xlwo1u49RVVVzvcSkw==}
    engines: {node: '>= 10'}
    dev: false

  /css-select@5.1.0:
    resolution: {integrity: sha512-nwoRF1rvRRnnCqqY7updORDsuqKzqYJ28+oSMaJMMgOauh3fvwHqMS7EZpIPqK8GL+g9mKxF1vP/ZjSeNjEVHg==}
    dependencies:
      boolbase: 1.0.0
      css-what: 6.1.0
      domhandler: 5.0.3
      domutils: 3.1.0
      nth-check: 2.1.1
    dev: false

  /css-tree@2.2.1:
    resolution: {integrity: sha512-OA0mILzGc1kCOCSJerOeqDxDQ4HOh+G8NbOJFOTgOCzpw7fCBubk0fEyxp8AgOL/jvLgYA/uV0cMbe43ElF1JA==}
    engines: {node: ^10 || ^12.20.0 || ^14.13.0 || >=15.0.0, npm: '>=7.0.0'}
    dependencies:
      mdn-data: 2.0.28
      source-map-js: 1.0.2
    dev: false

  /css-tree@2.3.1:
    resolution: {integrity: sha512-6Fv1DV/TYw//QF5IzQdqsNDjx/wc8TrMBZsqjL9eW01tWb7R7k/mq+/VXfJCl7SoD5emsJop9cOByJZfs8hYIw==}
    engines: {node: ^10 || ^12.20.0 || ^14.13.0 || >=15.0.0}
    dependencies:
      mdn-data: 2.0.30
      source-map-js: 1.0.2
    dev: false

  /css-what@6.1.0:
    resolution: {integrity: sha512-HTUrgRJ7r4dsZKU6GjmpfRK1O76h97Z8MfS1G0FozR+oF2kG6Vfe8JE6zwrkbxigziPHinCJ+gCPjA9EaBDtRw==}
    engines: {node: '>= 6'}
    dev: false

  /csso@5.0.5:
    resolution: {integrity: sha512-0LrrStPOdJj+SPCCrGhzryycLjwcgUSHBtxNA8aIDxf0GLsRh1cKYhB00Gd1lDOS4yGH69+SNn13+TWbVHETFQ==}
    engines: {node: ^10 || ^12.20.0 || ^14.13.0 || >=15.0.0, npm: '>=7.0.0'}
    dependencies:
      css-tree: 2.2.1
    dev: false

  /debug@4.3.4:
    resolution: {integrity: sha512-PRWFHuSU3eDtQJPvnNY7Jcket1j0t5OuOsFzPPzsekD52Zl8qUfFIPEiswXqIvHWGVHOgX+7G/vCNNhehwxfkQ==}
    engines: {node: '>=6.0'}
    peerDependencies:
      supports-color: '*'
    peerDependenciesMeta:
      supports-color:
        optional: true
    dependencies:
      ms: 2.1.2
    dev: false

  /detect-libc@1.0.3:
    resolution: {integrity: sha512-pGjwhsmsp4kL2RTz08wcOlGN83otlqHeD/Z5T8GXZB+/YcpQ/dgo+lbU8ZsGxV0HIvqqxo9l7mqYwyYMD9bKDg==}
    engines: {node: '>=0.10'}
    hasBin: true
    dev: false

  /dom-serializer@2.0.0:
    resolution: {integrity: sha512-wIkAryiqt/nV5EQKqQpo3SToSOV9J0DnbJqwK7Wv/Trc92zIAYZ4FlMu+JPFW1DfGFt81ZTCGgDEabffXeLyJg==}
    dependencies:
      domelementtype: 2.3.0
      domhandler: 5.0.3
      entities: 4.5.0
    dev: false

  /domelementtype@2.3.0:
    resolution: {integrity: sha512-OLETBj6w0OsagBwdXnPdN0cnMfF9opN69co+7ZrbfPGrdpPVNBUj02spi6B1N7wChLQiPn4CSH/zJvXw56gmHw==}
    dev: false

  /domhandler@5.0.3:
    resolution: {integrity: sha512-cgwlv/1iFQiFnU96XXgROh8xTeetsnJiDsTc7TYCLFd9+/WNkIqPTxiM/8pSd8VIrhXGTf1Ny1q1hquVqDJB5w==}
    engines: {node: '>= 4'}
    dependencies:
      domelementtype: 2.3.0
    dev: false

  /domutils@3.1.0:
    resolution: {integrity: sha512-H78uMmQtI2AhgDJjWeQmHwJJ2bLPD3GMmO7Zja/ZZh84wkm+4ut+IUnUdRa8uCGX88DiVx1j6FRe1XfxEgjEZA==}
    dependencies:
      dom-serializer: 2.0.0
      domelementtype: 2.3.0
      domhandler: 5.0.3
    dev: false

  /dotenv-expand@5.1.0:
    resolution: {integrity: sha512-YXQl1DSa4/PQyRfgrv6aoNjhasp/p4qs9FjJ4q4cQk+8m4r6k4ZSiEyytKG8f8W9gi8WsQtIObNmKd+tMzNTmA==}
    dev: false

  /dotenv@7.0.0:
    resolution: {integrity: sha512-M3NhsLbV1i6HuGzBUH8vXrtxOk+tWmzWKDMbAVSUp3Zsjm7ywFeuwrUXhmhQyRK1q5B5GGy7hcXPbj3bnfZg2g==}
    engines: {node: '>=6'}
    dev: false

  /electron-to-chromium@1.4.537:
    resolution: {integrity: sha512-W1+g9qs9hviII0HAwOdehGYkr+zt7KKdmCcJcjH0mYg6oL8+ioT3Skjmt7BLoAQqXhjf40AXd+HlR4oAWMlXjA==}
    dev: false

  /entities@4.5.0:
    resolution: {integrity: sha512-V0hjH4dGPh9Ao5p0MoRY6BVqtwCjhz6vI5LT8AJ55H+4g9/4vbHx1I54fS0XuclLhDHArPQCiMjDxjaL8fPxhw==}
    engines: {node: '>=0.12'}
    dev: false

  /escalade@3.1.1:
    resolution: {integrity: sha512-k0er2gUkLf8O0zKJiAhmkTnJlTvINGv7ygDNPbeIsX/TJjGJZHuh9B2UxbsaEkmlEo9MfhrSzmhIlhRlI2GXnw==}
    engines: {node: '>=6'}
    dev: false

  /fill-range@7.0.1:
    resolution: {integrity: sha512-qOo9F+dMUmC2Lcb4BbVvnKJxTPjCm+RRpe4gDuGrzkL7mEVl/djYSu2OdQ2Pa302N4oqkSg9ir6jaLWJ2USVpQ==}
    engines: {node: '>=8'}
    dependencies:
      to-regex-range: 5.0.1
    dev: false

  /has-flag@4.0.0:
    resolution: {integrity: sha512-EykJT/Q1KjTWctppgIAgfSO0tKVuZUjhgMr17kqTumMl6Afv3EISleU7qZUzoXDFTAHTDC4NOoG/ZxU3EvlMPQ==}
    engines: {node: '>=8'}
    dev: false

  /is-extglob@2.1.1:
    resolution: {integrity: sha512-SbKbANkN603Vi4jEZv49LeVJMn4yGwsbzZworEoyEiutsN3nJYdbO36zfhGJ6QEDpOZIFkDtnq5JRxmvl3jsoQ==}
    engines: {node: '>=0.10.0'}
    dev: false

  /is-glob@4.0.3:
    resolution: {integrity: sha512-xelSayHH36ZgE7ZWhli7pW34hNbNl8Ojv5KVmkJD4hBdD3th8Tfk9vYasLM+mXWOZhFkgZfxhLSnrwRr4elSSg==}
    engines: {node: '>=0.10.0'}
    dependencies:
      is-extglob: 2.1.1
    dev: false

  /is-number@7.0.0:
    resolution: {integrity: sha512-41Cifkg6e8TylSpdtTpeLVMqvSBEVzTttHvERD741+pnZ8ANv0004MRL43QKPDlK9cGvNp6NZWZUBlbGXYxxng==}
    engines: {node: '>=0.12.0'}
    dev: false

  /json5@2.2.3:
    resolution: {integrity: sha512-XmOWe7eyHYH14cLdVPoyg+GOH3rYX++KpzrylJwSW98t3Nk+U8XOl8FWKOgwtzdb8lXGf6zYwDUzeHMWfxasyg==}
    engines: {node: '>=6'}
    hasBin: true
    dev: false

  /lmdb@2.7.11:
    resolution: {integrity: sha512-x9bD4hVp7PFLUoELL8RglbNXhAMt5CYhkmss+CEau9KlNoilsTzNi9QDsPZb3KMpOGZXG6jmXhW3bBxE2XVztw==}
    hasBin: true
    requiresBuild: true
    dependencies:
      msgpackr: 1.8.5
      node-addon-api: 4.3.0
      node-gyp-build-optional-packages: 5.0.6
      ordered-binary: 1.4.1
      weak-lru-cache: 1.2.2
    optionalDependencies:
      '@lmdb/lmdb-darwin-arm64': 2.7.11
      '@lmdb/lmdb-darwin-x64': 2.7.11
      '@lmdb/lmdb-linux-arm': 2.7.11
      '@lmdb/lmdb-linux-arm64': 2.7.11
      '@lmdb/lmdb-linux-x64': 2.7.11
      '@lmdb/lmdb-win32-x64': 2.7.11
    dev: false

  /lru-cache@6.0.0:
    resolution: {integrity: sha512-Jo6dJ04CmSjuznwJSS3pUeWmd/H0ffTlkXXgwZi+eq1UCmqQwCh+eLsYOYCwY991i2Fah4h1BEMCx4qThGbsiA==}
    engines: {node: '>=10'}
    dependencies:
      yallist: 4.0.0
    dev: false

  /mdn-data@2.0.28:
    resolution: {integrity: sha512-aylIc7Z9y4yzHYAJNuESG3hfhC+0Ibp/MAMiaOZgNv4pmEdFyfZhhhny4MNiAfWdBQ1RQ2mfDWmM1x8SvGyp8g==}
    dev: false

  /mdn-data@2.0.30:
    resolution: {integrity: sha512-GaqWWShW4kv/G9IEucWScBx9G1/vsFZZJUO+tD26M8J8z3Kw5RDQjaoZe03YAClgeS/SWPOcb4nkFBTEi5DUEA==}
    dev: false

  /micromatch@4.0.5:
    resolution: {integrity: sha512-DMy+ERcEW2q8Z2Po+WNXuw3c5YaUSFjAO5GsJqfEl7UjvtIuFKO6ZrKvcItdy98dwFI2N1tg3zNIdKaQT+aNdA==}
    engines: {node: '>=8.6'}
    dependencies:
      braces: 3.0.2
      picomatch: 2.3.1
    dev: false

  /ms@2.1.2:
    resolution: {integrity: sha512-sGkPx+VjMtmA6MX27oA4FBFELFCZZ4S4XqeGOXCv68tT+jb3vk/RyaKWP0PTKyWtmLSM0b+adUTEvbs1PEaH2w==}
    dev: false

  /msgpackr-extract@3.0.2:
    resolution: {integrity: sha512-SdzXp4kD/Qf8agZ9+iTu6eql0m3kWm1A2y1hkpTeVNENutaB0BwHlSvAIaMxwntmRUAUjon2V4L8Z/njd0Ct8A==}
    hasBin: true
    requiresBuild: true
    dependencies:
      node-gyp-build-optional-packages: 5.0.7
    optionalDependencies:
      '@msgpackr-extract/msgpackr-extract-darwin-arm64': 3.0.2
      '@msgpackr-extract/msgpackr-extract-darwin-x64': 3.0.2
      '@msgpackr-extract/msgpackr-extract-linux-arm': 3.0.2
      '@msgpackr-extract/msgpackr-extract-linux-arm64': 3.0.2
      '@msgpackr-extract/msgpackr-extract-linux-x64': 3.0.2
      '@msgpackr-extract/msgpackr-extract-win32-x64': 3.0.2
    dev: false
    optional: true

  /msgpackr@1.8.5:
    resolution: {integrity: sha512-mpPs3qqTug6ahbblkThoUY2DQdNXcm4IapwOS3Vm/87vmpzLVelvp9h3It1y9l1VPpiFLV11vfOXnmeEwiIXwg==}
    optionalDependencies:
      msgpackr-extract: 3.0.2
    dev: false

  /msgpackr@1.9.9:
    resolution: {integrity: sha512-sbn6mioS2w0lq1O6PpGtsv6Gy8roWM+o3o4Sqjd6DudrL/nOugY+KyJUimoWzHnf9OkO0T6broHFnYE/R05t9A==}
    optionalDependencies:
      msgpackr-extract: 3.0.2
    dev: false

  /node-addon-api@4.3.0:
    resolution: {integrity: sha512-73sE9+3UaLYYFmDsFZnqCInzPyh3MqIwZO9cw58yIqAZhONrrabrYyYe3TuIqtIiOuTXVhsGau8hcrhhwSsDIQ==}
    dev: false

  /node-addon-api@7.0.0:
    resolution: {integrity: sha512-vgbBJTS4m5/KkE16t5Ly0WW9hz46swAstv0hYYwMtbG7AznRhNyfLRe8HZAiWIpcHzoO7HxhLuBQj9rJ/Ho0ZA==}
    dev: false

  /node-gyp-build-optional-packages@5.0.6:
    resolution: {integrity: sha512-2ZJErHG4du9G3/8IWl/l9Bp5BBFy63rno5GVmjQijvTuUZKsl6g8RB4KH/x3NLcV5ZBb4GsXmAuTYr6dRml3Gw==}
    hasBin: true
    dev: false

  /node-gyp-build-optional-packages@5.0.7:
    resolution: {integrity: sha512-YlCCc6Wffkx0kHkmam79GKvDQ6x+QZkMjFGrIMxgFNILFvGSbCp2fCBC55pGTT9gVaz8Na5CLmxt/urtzRv36w==}
    hasBin: true
    dev: false
    optional: true

  /node-releases@2.0.13:
    resolution: {integrity: sha512-uYr7J37ae/ORWdZeQ1xxMJe3NtdmqMC/JZK+geofDrkLUApKRHPd18/TxtBOJ4A0/+uUIliorNrfYV6s1b02eQ==}
    dev: false

  /nth-check@2.1.1:
    resolution: {integrity: sha512-lqjrjmaOoAnWfMmBPL+XNnynZh2+swxiX3WUE0s4yEHI6m+AwrK2UZOimIRl3X/4QctVqS8AiZjFqyOGrMXb/w==}
    dependencies:
      boolbase: 1.0.0
    dev: false

  /nullthrows@1.1.1:
    resolution: {integrity: sha512-2vPPEi+Z7WqML2jZYddDIfy5Dqb0r2fze2zTxNNknZaFpVHU3mFB3R+DWeJWGVx0ecvttSGlJTI+WG+8Z4cDWw==}
    dev: false

  /ordered-binary@1.4.1:
    resolution: {integrity: sha512-9LtiGlPy982CsgxZvJGNNp2/NnrgEr6EAyN3iIEP3/8vd3YLgAZQHbQ75ZrkfBRGrNg37Dk3U6tuVb+B4Xfslg==}
    dev: false

  /picocolors@1.0.0:
    resolution: {integrity: sha512-1fygroTLlHu66zi26VoTDv8yRgm0Fccecssto+MhsZ0D/DGW2sm8E8AjW7NU5VVTRt5GxbeZ5qBuJr+HyLYkjQ==}
    dev: false

  /picomatch@2.3.1:
    resolution: {integrity: sha512-JU3teHTNjmE2VCGFzuY8EXzCDVwEqB2a8fsIvwaStHhAWJEeVd1o1QD80CU6+ZdEXXSLbSsuLwJjkCBWqRQUVA==}
    engines: {node: '>=8.6'}
    dev: false

  /safe-buffer@5.2.1:
    resolution: {integrity: sha512-rp3So07KcdmmKbGvgaNxQSJr7bGVSVk5S9Eq1F+ppbRo70+YeaDxkw5Dd8NPN+GD6bjnYm2VuPuCXmpuYvmCXQ==}
    dev: false

  /semver@7.5.4:
    resolution: {integrity: sha512-1bCSESV6Pv+i21Hvpxp3Dx+pSD8lIPt8uVjRrxAUt/nbswYc+tK6Y2btiULjd4+fnq15PX+nqQDC7Oft7WkwcA==}
    engines: {node: '>=10'}
    hasBin: true
    dependencies:
      lru-cache: 6.0.0
    dev: false

  /source-map-js@1.0.2:
    resolution: {integrity: sha512-R0XvVJ9WusLiqTCEiGCmICCMplcCkIwwR11mOSD9CR5u+IXYdiseeEuXCVAjS54zqwkLcPNnmU4OeJ6tUrWhDw==}
    engines: {node: '>=0.10.0'}
    dev: false

  /supports-color@7.2.0:
    resolution: {integrity: sha512-qpCAvRl9stuOHveKsn7HncJRvv501qIacKzQlO/+Lwxc9+0q2wLyv4Dfvt80/DPn2pqOBsJdDiogXGR9+OvwRw==}
    engines: {node: '>=8'}
    dependencies:
      has-flag: 4.0.0
    dev: false

  /svgo@3.0.2:
    resolution: {integrity: sha512-Z706C1U2pb1+JGP48fbazf3KxHrWOsLme6Rv7imFBn5EnuanDW1GPaA/P1/dvObE670JDePC3mnj0k0B7P0jjQ==}
    engines: {node: '>=14.0.0'}
    hasBin: true
    dependencies:
      '@trysound/sax': 0.2.0
      commander: 7.2.0
      css-select: 5.1.0
      css-tree: 2.3.1
      csso: 5.0.5
      picocolors: 1.0.0
    dev: false

  /to-regex-range@5.0.1:
    resolution: {integrity: sha512-65P7iz6X5yEr1cwcgvQxbbIw7Uk3gOy5dIdtZ4rDveLqhrdJP+Li/Hx6tyK0NEb+2GCyneCMJiGqrADCSNk8sQ==}
    engines: {node: '>=8.0'}
    dependencies:
      is-number: 7.0.0
    dev: false

  /typescript@5.2.2:
    resolution: {integrity: sha512-mI4WrpHsbCIcwT9cF4FZvr80QUeKvsUsUvKDoR+X/7XHQH98xYD8YHZg7ANtz2GtZt/CBq2QJ0thkGJMHfqc1w==}
    engines: {node: '>=14.17'}
    hasBin: true
    dev: true

  /update-browserslist-db@1.0.13(browserslist@4.22.1):
    resolution: {integrity: sha512-xebP81SNcPuNpPP3uzeW1NYXxI3rxyJzF3pD6sH4jE7o/IX+WtSpwnVU+qIsDPyk0d3hmFQ7mjqc6AtV604hbg==}
    hasBin: true
    peerDependencies:
      browserslist: '>= 4.21.0'
    dependencies:
      browserslist: 4.22.1
      escalade: 3.1.1
      picocolors: 1.0.0
    dev: false

  /utility-types@3.10.0:
    resolution: {integrity: sha512-O11mqxmi7wMKCo6HKFt5AhO4BwY3VV68YU07tgxfz8zJTIxr4BpsezN49Ffwy9j3ZpwwJp4fkRwjRzq3uWE6Rg==}
    engines: {node: '>= 4'}
    dev: false

  /weak-lru-cache@1.2.2:
    resolution: {integrity: sha512-DEAoo25RfSYMuTGc9vPJzZcZullwIqRDSI9LOy+fkCJPi6hykCnfKaXTuPBDuXAUcqHXyOgFtHNp/kB2FjYHbw==}
    dev: false

  /xxhash-wasm@0.4.2:
    resolution: {integrity: sha512-/eyHVRJQCirEkSZ1agRSCwriMhwlyUcFkXD5TPVSLP+IPzjsqMVzZwdoczLp1SoQU0R3dxz1RpIK+4YNQbCVOA==}
    dev: false

  /yallist@4.0.0:
    resolution: {integrity: sha512-3wdGidZyq5PB084XLES5TpOSRA3wjXAlIWMhum2kRcv/41Sn2emQ0dycQW4uZXLejwKvg6EsvbdlVL+FYEct7A==}
    dev: false
